
Microsoft Visual Studio Solution File, Format Version 12.00
# Visual Studio Version 17
VisualStudioVersion = 17.13.35825.156 d17.13
MinimumVisualStudioVersion = 10.0.40219.1
Project("{FAE04EC0-301F-11D3-BF4B-00C04F79EFBC}") = "FurnitureStore", "FurnitureStore\FurnitureStore.csproj", "{762D92E2-99C5-4FA5-9E3C-801CD31637BF}"
EndProject
Global
	GlobalSection(SolutionConfigurationPlatforms) = preSolution
		Debug|Any CPU = Debug|Any CPU
		Release|Any CPU = Release|Any CPU
	EndGlobalSection
	GlobalSection(ProjectConfigurationPlatforms) = postSolution
		{762D92E2-99C5-4FA5-9E3C-801CD31637BF}.Debug|Any CPU.ActiveCfg = Debug|Any CPU
		{762D92E2-99C5-4FA5-9E3C-801CD31637BF}.Debug|Any CPU.Build.0 = Debug|Any CPU
		{762D92E2-99C5-4FA5-9E3C-801CD31637BF}.Release|Any CPU.ActiveCfg = Release|Any CPU
		{762D92E2-99C5-4FA5-9E3C-801CD31637BF}.Release|Any CPU.Build.0 = Release|Any CPU
	EndGlobalSection
	GlobalSection(SolutionProperties) = preSolution
		HideSolutionNode = FALSE
	EndGlobalSection
	GlobalSection(ExtensibilityGlobals) = postSolution
		SolutionGuid = {03E09553-B7C9-4283-AA46-FD0DB1017CBC}
	EndGlobalSection
EndGlobal
