
Microsoft Visual Studio Solution File, Format Version 12.00
# Visual Studio Version 17
VisualStudioVersion = 17.13.35825.156 d17.13
MinimumVisualStudioVersion = 10.0.40219.1
Project("{FAE04EC0-301F-11D3-BF4B-00C04F79EFBC}") = "ToyStore", "ToyStore\ToyStore.csproj", "{A914927C-4791-4194-9F78-F2A4270C8E2E}"
EndProject
Global
	GlobalSection(SolutionConfigurationPlatforms) = preSolution
		Debug|Any CPU = Debug|Any CPU
		Release|Any CPU = Release|Any CPU
	EndGlobalSection
	GlobalSection(ProjectConfigurationPlatforms) = postSolution
		{A914927C-4791-4194-9F78-F2A4270C8E2E}.Debug|Any CPU.ActiveCfg = Debug|Any CPU
		{A914927C-4791-4194-9F78-F2A4270C8E2E}.Debug|Any CPU.Build.0 = Debug|Any CPU
		{A914927C-4791-4194-9F78-F2A4270C8E2E}.Release|Any CPU.ActiveCfg = Release|Any CPU
		{A914927C-4791-4194-9F78-F2A4270C8E2E}.Release|Any CPU.Build.0 = Release|Any CPU
	EndGlobalSection
	GlobalSection(SolutionProperties) = preSolution
		HideSolutionNode = FALSE
	EndGlobalSection
	GlobalSection(ExtensibilityGlobals) = postSolution
		SolutionGuid = {D4BFF7A1-F160-4245-B683-79376A667D7B}
	EndGlobalSection
EndGlobal
